
Microsoft Visual Studio Solution File, Format Version 12.00
# Visual Studio Version 16
VisualStudioVersion = 16.0.29006.145
MinimumVisualStudioVersion = 15.0.26124.0
Project("{2150E333-8FDC-42A3-9474-1A3956D46DE8}") = "src", "src", "{8FFDF555-DB50-45F9-9A2D-6410F39151C3}"
	ProjectSection(SolutionItems) = preProject
		src\Directory.Build.props = src\Directory.Build.props
		src\Directory.Build.targets = src\Directory.Build.targets
	EndProjectSection
EndProject
Project("{2150E333-8FDC-42A3-9474-1A3956D46DE8}") = "test", "test", "{DF33E0FB-9790-4654-B60F-8AB22E0CC3D1}"
	ProjectSection(SolutionItems) = preProject
		test\Directory.Build.props = test\Directory.Build.props
		test\Directory.Build.targets = test\Directory.Build.targets
	EndProjectSection
EndProject
Project("{9A19103F-16F7-4668-BE54-9A1E7A4F7556}") = ".build", ".build\.build.csproj", "{55EFAE2F-A7CA-4917-A381-4A6EF5E79610}"
EndProject
Project("{2150E333-8FDC-42A3-9474-1A3956D46DE8}") = ".build", ".build", "{E3DCB78E-EE06-4EA3-88AC-762D8910387C}"
EndProject
Project("{FAE04EC0-301F-11D3-BF4B-00C04F79EFBC}") = "Rocket.Surgery.Extensions", "src\Extensions\Rocket.Surgery.Extensions.csproj", "{00701530-9209-4B25-8526-06B6A11A97BC}"
EndProject
Project("{FAE04EC0-301F-11D3-BF4B-00C04F79EFBC}") = "Rocket.Surgery.Linq.Extensions", "src\Linq.Extensions\Rocket.Surgery.Linq.Extensions.csproj", "{6AB743E2-9E77-4A4A-A75D-3C923A2307C4}"
EndProject
Project("{FAE04EC0-301F-11D3-BF4B-00C04F79EFBC}") = "Rocket.Surgery.Reactive.Extensions", "src\Reactive.Extensions\Rocket.Surgery.Reactive.Extensions.csproj", "{F77F1BB8-CFA9-422E-9674-8277FE106C6C}"
EndProject
Project("{FAE04EC0-301F-11D3-BF4B-00C04F79EFBC}") = "Rocket.Surgery.Task.Extensions", "src\Task.Extensions\Rocket.Surgery.Task.Extensions.csproj", "{475646C5-DC9F-468F-882B-4B33BB0213E1}"
EndProject
Project("{FAE04EC0-301F-11D3-BF4B-00C04F79EFBC}") = "Rocket.Surgery.Extensions.Tests", "test\Extensions.Tests\Rocket.Surgery.Extensions.Tests.csproj", "{A84D04D2-36F6-472F-B9EF-C663FF842E2A}"
EndProject
Project("{FAE04EC0-301F-11D3-BF4B-00C04F79EFBC}") = "Rocket.Surgery.Extensions.Abstractions", "src\Extensions.Abstractions\Rocket.Surgery.Extensions.Abstractions.csproj", "{32C7CD4C-0480-4228-9302-A7CCA8933D1D}"
EndProject
Project("{FAE04EC0-301F-11D3-BF4B-00C04F79EFBC}") = "Rocket.Surgery.Extensions.Binding", "src\Binding.Extensions\Rocket.Surgery.Extensions.Binding.csproj", "{F2D33B47-46FC-48C0-8819-7E733A068330}"
EndProject
Project("{FAE04EC0-301F-11D3-BF4B-00C04F79EFBC}") = "Rocket.Surgery.Extensions.Unions", "src\Unions.Extensions\Rocket.Surgery.Extensions.Unions.csproj", "{13A1B128-7082-4594-AE4C-1104713859C3}"
EndProject
Project("{FAE04EC0-301F-11D3-BF4B-00C04F79EFBC}") = "Rocket.Surgery.Reflection.Extensions", "src\Reflection.Extensions\Rocket.Surgery.Reflection.Extensions.csproj", "{EB4ECE84-AD36-4443-9AD6-FC41C862BA18}"
EndProject
Project("{FAE04EC0-301F-11D3-BF4B-00C04F79EFBC}") = "Rocket.Surgery.System", "src\System\Rocket.Surgery.System.csproj", "{6A3C0DBA-F498-43F8-B256-5CC545D7B8EF}"
EndProject
Project("{FAE04EC0-301F-11D3-BF4B-00C04F79EFBC}") = "Rocket.Surgery.DependencyInjection.Extensions", "src\DependencyInjection.Extensions\Rocket.Surgery.DependencyInjection.Extensions.csproj", "{1EA431B1-B8BF-4743-93FF-7592C60C5640}"
EndProject
Project("{FAE04EC0-301F-11D3-BF4B-00C04F79EFBC}") = "Rocket.Surgery.Extensions.Configuration", "src\Configuration\Rocket.Surgery.Extensions.Configuration.csproj", "{BD479A7C-3FFF-4993-AF78-4866857414A1}"
EndProject
Project("{FAE04EC0-301F-11D3-BF4B-00C04F79EFBC}") = "Rocket.Surgery.Extensions.Configuration.Ini", "src\Configuration.Ini\Rocket.Surgery.Extensions.Configuration.Ini.csproj", "{4703A432-0C7F-4868-9CE4-C41A203FE969}"
EndProject
Project("{FAE04EC0-301F-11D3-BF4B-00C04F79EFBC}") = "Rocket.Surgery.Extensions.Configuration.Json", "src\Configuration.Json\Rocket.Surgery.Extensions.Configuration.Json.csproj", "{A11C6D6A-3D7D-4FCF-93B0-6713541B6DEA}"
EndProject
Project("{FAE04EC0-301F-11D3-BF4B-00C04F79EFBC}") = "Rocket.Surgery.Extensions.Configuration.Yaml", "src\Configuration.Yaml\Rocket.Surgery.Extensions.Configuration.Yaml.csproj", "{DB616788-0DA3-4BC9-B4D4-D513A096B271}"
EndProject
Project("{FAE04EC0-301F-11D3-BF4B-00C04F79EFBC}") = "Rocket.Surgery.Extensions.Logging", "src\Logging\Rocket.Surgery.Extensions.Logging.csproj", "{A2918D9D-7FEA-4D3F-BB2D-54E72B6D9721}"
EndProject
Global
	GlobalSection(SolutionConfigurationPlatforms) = preSolution
		Debug|Any CPU = Debug|Any CPU
		Debug|x64 = Debug|x64
		Debug|x86 = Debug|x86
		Release|Any CPU = Release|Any CPU
		Release|x64 = Release|x64
		Release|x86 = Release|x86
	EndGlobalSection
	GlobalSection(ProjectConfigurationPlatforms) = postSolution
		{55EFAE2F-A7CA-4917-A381-4A6EF5E79610}.Debug|Any CPU.ActiveCfg = Debug|Any CPU
		{55EFAE2F-A7CA-4917-A381-4A6EF5E79610}.Debug|x64.ActiveCfg = Debug|Any CPU
		{55EFAE2F-A7CA-4917-A381-4A6EF5E79610}.Debug|x64.Build.0 = Debug|Any CPU
		{55EFAE2F-A7CA-4917-A381-4A6EF5E79610}.Debug|x86.ActiveCfg = Debug|Any CPU
		{55EFAE2F-A7CA-4917-A381-4A6EF5E79610}.Debug|x86.Build.0 = Debug|Any CPU
		{55EFAE2F-A7CA-4917-A381-4A6EF5E79610}.Release|Any CPU.ActiveCfg = Release|Any CPU
		{55EFAE2F-A7CA-4917-A381-4A6EF5E79610}.Release|x64.ActiveCfg = Release|Any CPU
		{55EFAE2F-A7CA-4917-A381-4A6EF5E79610}.Release|x64.Build.0 = Release|Any CPU
		{55EFAE2F-A7CA-4917-A381-4A6EF5E79610}.Release|x86.ActiveCfg = Release|Any CPU
		{55EFAE2F-A7CA-4917-A381-4A6EF5E79610}.Release|x86.Build.0 = Release|Any CPU
		{00701530-9209-4B25-8526-06B6A11A97BC}.Debug|Any CPU.ActiveCfg = Debug|Any CPU
		{00701530-9209-4B25-8526-06B6A11A97BC}.Debug|Any CPU.Build.0 = Debug|Any CPU
		{00701530-9209-4B25-8526-06B6A11A97BC}.Debug|x64.ActiveCfg = Debug|Any CPU
		{00701530-9209-4B25-8526-06B6A11A97BC}.Debug|x64.Build.0 = Debug|Any CPU
		{00701530-9209-4B25-8526-06B6A11A97BC}.Debug|x86.ActiveCfg = Debug|Any CPU
		{00701530-9209-4B25-8526-06B6A11A97BC}.Debug|x86.Build.0 = Debug|Any CPU
		{00701530-9209-4B25-8526-06B6A11A97BC}.Release|Any CPU.ActiveCfg = Release|Any CPU
		{00701530-9209-4B25-8526-06B6A11A97BC}.Release|Any CPU.Build.0 = Release|Any CPU
		{00701530-9209-4B25-8526-06B6A11A97BC}.Release|x64.ActiveCfg = Release|Any CPU
		{00701530-9209-4B25-8526-06B6A11A97BC}.Release|x64.Build.0 = Release|Any CPU
		{00701530-9209-4B25-8526-06B6A11A97BC}.Release|x86.ActiveCfg = Release|Any CPU
		{00701530-9209-4B25-8526-06B6A11A97BC}.Release|x86.Build.0 = Release|Any CPU
		{6AB743E2-9E77-4A4A-A75D-3C923A2307C4}.Debug|Any CPU.ActiveCfg = Debug|Any CPU
		{6AB743E2-9E77-4A4A-A75D-3C923A2307C4}.Debug|Any CPU.Build.0 = Debug|Any CPU
		{6AB743E2-9E77-4A4A-A75D-3C923A2307C4}.Debug|x64.ActiveCfg = Debug|Any CPU
		{6AB743E2-9E77-4A4A-A75D-3C923A2307C4}.Debug|x64.Build.0 = Debug|Any CPU
		{6AB743E2-9E77-4A4A-A75D-3C923A2307C4}.Debug|x86.ActiveCfg = Debug|Any CPU
		{6AB743E2-9E77-4A4A-A75D-3C923A2307C4}.Debug|x86.Build.0 = Debug|Any CPU
		{6AB743E2-9E77-4A4A-A75D-3C923A2307C4}.Release|Any CPU.ActiveCfg = Release|Any CPU
		{6AB743E2-9E77-4A4A-A75D-3C923A2307C4}.Release|Any CPU.Build.0 = Release|Any CPU
		{6AB743E2-9E77-4A4A-A75D-3C923A2307C4}.Release|x64.ActiveCfg = Release|Any CPU
		{6AB743E2-9E77-4A4A-A75D-3C923A2307C4}.Release|x64.Build.0 = Release|Any CPU
		{6AB743E2-9E77-4A4A-A75D-3C923A2307C4}.Release|x86.ActiveCfg = Release|Any CPU
		{6AB743E2-9E77-4A4A-A75D-3C923A2307C4}.Release|x86.Build.0 = Release|Any CPU
		{F77F1BB8-CFA9-422E-9674-8277FE106C6C}.Debug|Any CPU.ActiveCfg = Debug|Any CPU
		{F77F1BB8-CFA9-422E-9674-8277FE106C6C}.Debug|Any CPU.Build.0 = Debug|Any CPU
		{F77F1BB8-CFA9-422E-9674-8277FE106C6C}.Debug|x64.ActiveCfg = Debug|Any CPU
		{F77F1BB8-CFA9-422E-9674-8277FE106C6C}.Debug|x64.Build.0 = Debug|Any CPU
		{F77F1BB8-CFA9-422E-9674-8277FE106C6C}.Debug|x86.ActiveCfg = Debug|Any CPU
		{F77F1BB8-CFA9-422E-9674-8277FE106C6C}.Debug|x86.Build.0 = Debug|Any CPU
		{F77F1BB8-CFA9-422E-9674-8277FE106C6C}.Release|Any CPU.ActiveCfg = Release|Any CPU
		{F77F1BB8-CFA9-422E-9674-8277FE106C6C}.Release|Any CPU.Build.0 = Release|Any CPU
		{F77F1BB8-CFA9-422E-9674-8277FE106C6C}.Release|x64.ActiveCfg = Release|Any CPU
		{F77F1BB8-CFA9-422E-9674-8277FE106C6C}.Release|x64.Build.0 = Release|Any CPU
		{F77F1BB8-CFA9-422E-9674-8277FE106C6C}.Release|x86.ActiveCfg = Release|Any CPU
		{F77F1BB8-CFA9-422E-9674-8277FE106C6C}.Release|x86.Build.0 = Release|Any CPU
		{475646C5-DC9F-468F-882B-4B33BB0213E1}.Debug|Any CPU.ActiveCfg = Debug|Any CPU
		{475646C5-DC9F-468F-882B-4B33BB0213E1}.Debug|Any CPU.Build.0 = Debug|Any CPU
		{475646C5-DC9F-468F-882B-4B33BB0213E1}.Debug|x64.ActiveCfg = Debug|Any CPU
		{475646C5-DC9F-468F-882B-4B33BB0213E1}.Debug|x64.Build.0 = Debug|Any CPU
		{475646C5-DC9F-468F-882B-4B33BB0213E1}.Debug|x86.ActiveCfg = Debug|Any CPU
		{475646C5-DC9F-468F-882B-4B33BB0213E1}.Debug|x86.Build.0 = Debug|Any CPU
		{475646C5-DC9F-468F-882B-4B33BB0213E1}.Release|Any CPU.ActiveCfg = Release|Any CPU
		{475646C5-DC9F-468F-882B-4B33BB0213E1}.Release|Any CPU.Build.0 = Release|Any CPU
		{475646C5-DC9F-468F-882B-4B33BB0213E1}.Release|x64.ActiveCfg = Release|Any CPU
		{475646C5-DC9F-468F-882B-4B33BB0213E1}.Release|x64.Build.0 = Release|Any CPU
		{475646C5-DC9F-468F-882B-4B33BB0213E1}.Release|x86.ActiveCfg = Release|Any CPU
		{475646C5-DC9F-468F-882B-4B33BB0213E1}.Release|x86.Build.0 = Release|Any CPU
		{A84D04D2-36F6-472F-B9EF-C663FF842E2A}.Debug|Any CPU.ActiveCfg = Debug|Any CPU
		{A84D04D2-36F6-472F-B9EF-C663FF842E2A}.Debug|Any CPU.Build.0 = Debug|Any CPU
		{A84D04D2-36F6-472F-B9EF-C663FF842E2A}.Debug|x64.ActiveCfg = Debug|Any CPU
		{A84D04D2-36F6-472F-B9EF-C663FF842E2A}.Debug|x64.Build.0 = Debug|Any CPU
		{A84D04D2-36F6-472F-B9EF-C663FF842E2A}.Debug|x86.ActiveCfg = Debug|Any CPU
		{A84D04D2-36F6-472F-B9EF-C663FF842E2A}.Debug|x86.Build.0 = Debug|Any CPU
		{A84D04D2-36F6-472F-B9EF-C663FF842E2A}.Release|Any CPU.ActiveCfg = Release|Any CPU
		{A84D04D2-36F6-472F-B9EF-C663FF842E2A}.Release|Any CPU.Build.0 = Release|Any CPU
		{A84D04D2-36F6-472F-B9EF-C663FF842E2A}.Release|x64.ActiveCfg = Release|Any CPU
		{A84D04D2-36F6-472F-B9EF-C663FF842E2A}.Release|x64.Build.0 = Release|Any CPU
		{A84D04D2-36F6-472F-B9EF-C663FF842E2A}.Release|x86.ActiveCfg = Release|Any CPU
		{A84D04D2-36F6-472F-B9EF-C663FF842E2A}.Release|x86.Build.0 = Release|Any CPU
		{32C7CD4C-0480-4228-9302-A7CCA8933D1D}.Debug|Any CPU.ActiveCfg = Debug|Any CPU
		{32C7CD4C-0480-4228-9302-A7CCA8933D1D}.Debug|Any CPU.Build.0 = Debug|Any CPU
		{32C7CD4C-0480-4228-9302-A7CCA8933D1D}.Debug|x64.ActiveCfg = Debug|Any CPU
		{32C7CD4C-0480-4228-9302-A7CCA8933D1D}.Debug|x64.Build.0 = Debug|Any CPU
		{32C7CD4C-0480-4228-9302-A7CCA8933D1D}.Debug|x86.ActiveCfg = Debug|Any CPU
		{32C7CD4C-0480-4228-9302-A7CCA8933D1D}.Debug|x86.Build.0 = Debug|Any CPU
		{32C7CD4C-0480-4228-9302-A7CCA8933D1D}.Release|Any CPU.ActiveCfg = Release|Any CPU
		{32C7CD4C-0480-4228-9302-A7CCA8933D1D}.Release|Any CPU.Build.0 = Release|Any CPU
		{32C7CD4C-0480-4228-9302-A7CCA8933D1D}.Release|x64.ActiveCfg = Release|Any CPU
		{32C7CD4C-0480-4228-9302-A7CCA8933D1D}.Release|x64.Build.0 = Release|Any CPU
		{32C7CD4C-0480-4228-9302-A7CCA8933D1D}.Release|x86.ActiveCfg = Release|Any CPU
		{32C7CD4C-0480-4228-9302-A7CCA8933D1D}.Release|x86.Build.0 = Release|Any CPU
		{F2D33B47-46FC-48C0-8819-7E733A068330}.Debug|Any CPU.ActiveCfg = Debug|Any CPU
		{F2D33B47-46FC-48C0-8819-7E733A068330}.Debug|Any CPU.Build.0 = Debug|Any CPU
		{F2D33B47-46FC-48C0-8819-7E733A068330}.Debug|x64.ActiveCfg = Debug|Any CPU
		{F2D33B47-46FC-48C0-8819-7E733A068330}.Debug|x64.Build.0 = Debug|Any CPU
		{F2D33B47-46FC-48C0-8819-7E733A068330}.Debug|x86.ActiveCfg = Debug|Any CPU
		{F2D33B47-46FC-48C0-8819-7E733A068330}.Debug|x86.Build.0 = Debug|Any CPU
		{F2D33B47-46FC-48C0-8819-7E733A068330}.Release|Any CPU.ActiveCfg = Release|Any CPU
		{F2D33B47-46FC-48C0-8819-7E733A068330}.Release|Any CPU.Build.0 = Release|Any CPU
		{F2D33B47-46FC-48C0-8819-7E733A068330}.Release|x64.ActiveCfg = Release|Any CPU
		{F2D33B47-46FC-48C0-8819-7E733A068330}.Release|x64.Build.0 = Release|Any CPU
		{F2D33B47-46FC-48C0-8819-7E733A068330}.Release|x86.ActiveCfg = Release|Any CPU
		{F2D33B47-46FC-48C0-8819-7E733A068330}.Release|x86.Build.0 = Release|Any CPU
		{13A1B128-7082-4594-AE4C-1104713859C3}.Debug|Any CPU.ActiveCfg = Debug|Any CPU
		{13A1B128-7082-4594-AE4C-1104713859C3}.Debug|Any CPU.Build.0 = Debug|Any CPU
		{13A1B128-7082-4594-AE4C-1104713859C3}.Debug|x64.ActiveCfg = Debug|Any CPU
		{13A1B128-7082-4594-AE4C-1104713859C3}.Debug|x64.Build.0 = Debug|Any CPU
		{13A1B128-7082-4594-AE4C-1104713859C3}.Debug|x86.ActiveCfg = Debug|Any CPU
		{13A1B128-7082-4594-AE4C-1104713859C3}.Debug|x86.Build.0 = Debug|Any CPU
		{13A1B128-7082-4594-AE4C-1104713859C3}.Release|Any CPU.ActiveCfg = Release|Any CPU
		{13A1B128-7082-4594-AE4C-1104713859C3}.Release|Any CPU.Build.0 = Release|Any CPU
		{13A1B128-7082-4594-AE4C-1104713859C3}.Release|x64.ActiveCfg = Release|Any CPU
		{13A1B128-7082-4594-AE4C-1104713859C3}.Release|x64.Build.0 = Release|Any CPU
		{13A1B128-7082-4594-AE4C-1104713859C3}.Release|x86.ActiveCfg = Release|Any CPU
		{13A1B128-7082-4594-AE4C-1104713859C3}.Release|x86.Build.0 = Release|Any CPU
		{EB4ECE84-AD36-4443-9AD6-FC41C862BA18}.Debug|Any CPU.ActiveCfg = Debug|Any CPU
		{EB4ECE84-AD36-4443-9AD6-FC41C862BA18}.Debug|Any CPU.Build.0 = Debug|Any CPU
		{EB4ECE84-AD36-4443-9AD6-FC41C862BA18}.Debug|x64.ActiveCfg = Debug|Any CPU
		{EB4ECE84-AD36-4443-9AD6-FC41C862BA18}.Debug|x64.Build.0 = Debug|Any CPU
		{EB4ECE84-AD36-4443-9AD6-FC41C862BA18}.Debug|x86.ActiveCfg = Debug|Any CPU
		{EB4ECE84-AD36-4443-9AD6-FC41C862BA18}.Debug|x86.Build.0 = Debug|Any CPU
		{EB4ECE84-AD36-4443-9AD6-FC41C862BA18}.Release|Any CPU.ActiveCfg = Release|Any CPU
		{EB4ECE84-AD36-4443-9AD6-FC41C862BA18}.Release|Any CPU.Build.0 = Release|Any CPU
		{EB4ECE84-AD36-4443-9AD6-FC41C862BA18}.Release|x64.ActiveCfg = Release|Any CPU
		{EB4ECE84-AD36-4443-9AD6-FC41C862BA18}.Release|x64.Build.0 = Release|Any CPU
		{EB4ECE84-AD36-4443-9AD6-FC41C862BA18}.Release|x86.ActiveCfg = Release|Any CPU
		{EB4ECE84-AD36-4443-9AD6-FC41C862BA18}.Release|x86.Build.0 = Release|Any CPU
		{6A3C0DBA-F498-43F8-B256-5CC545D7B8EF}.Debug|Any CPU.ActiveCfg = Debug|Any CPU
		{6A3C0DBA-F498-43F8-B256-5CC545D7B8EF}.Debug|Any CPU.Build.0 = Debug|Any CPU
		{6A3C0DBA-F498-43F8-B256-5CC545D7B8EF}.Debug|x64.ActiveCfg = Debug|Any CPU
		{6A3C0DBA-F498-43F8-B256-5CC545D7B8EF}.Debug|x64.Build.0 = Debug|Any CPU
		{6A3C0DBA-F498-43F8-B256-5CC545D7B8EF}.Debug|x86.ActiveCfg = Debug|Any CPU
		{6A3C0DBA-F498-43F8-B256-5CC545D7B8EF}.Debug|x86.Build.0 = Debug|Any CPU
		{6A3C0DBA-F498-43F8-B256-5CC545D7B8EF}.Release|Any CPU.ActiveCfg = Release|Any CPU
		{6A3C0DBA-F498-43F8-B256-5CC545D7B8EF}.Release|Any CPU.Build.0 = Release|Any CPU
		{6A3C0DBA-F498-43F8-B256-5CC545D7B8EF}.Release|x64.ActiveCfg = Release|Any CPU
		{6A3C0DBA-F498-43F8-B256-5CC545D7B8EF}.Release|x64.Build.0 = Release|Any CPU
		{6A3C0DBA-F498-43F8-B256-5CC545D7B8EF}.Release|x86.ActiveCfg = Release|Any CPU
		{6A3C0DBA-F498-43F8-B256-5CC545D7B8EF}.Release|x86.Build.0 = Release|Any CPU
		{1EA431B1-B8BF-4743-93FF-7592C60C5640}.Debug|Any CPU.ActiveCfg = Debug|Any CPU
		{1EA431B1-B8BF-4743-93FF-7592C60C5640}.Debug|Any CPU.Build.0 = Debug|Any CPU
		{1EA431B1-B8BF-4743-93FF-7592C60C5640}.Debug|x64.ActiveCfg = Debug|Any CPU
		{1EA431B1-B8BF-4743-93FF-7592C60C5640}.Debug|x64.Build.0 = Debug|Any CPU
		{1EA431B1-B8BF-4743-93FF-7592C60C5640}.Debug|x86.ActiveCfg = Debug|Any CPU
		{1EA431B1-B8BF-4743-93FF-7592C60C5640}.Debug|x86.Build.0 = Debug|Any CPU
		{1EA431B1-B8BF-4743-93FF-7592C60C5640}.Release|Any CPU.ActiveCfg = Release|Any CPU
		{1EA431B1-B8BF-4743-93FF-7592C60C5640}.Release|Any CPU.Build.0 = Release|Any CPU
		{1EA431B1-B8BF-4743-93FF-7592C60C5640}.Release|x64.ActiveCfg = Release|Any CPU
		{1EA431B1-B8BF-4743-93FF-7592C60C5640}.Release|x64.Build.0 = Release|Any CPU
		{1EA431B1-B8BF-4743-93FF-7592C60C5640}.Release|x86.ActiveCfg = Release|Any CPU
		{1EA431B1-B8BF-4743-93FF-7592C60C5640}.Release|x86.Build.0 = Release|Any CPU
		{BD479A7C-3FFF-4993-AF78-4866857414A1}.Debug|Any CPU.ActiveCfg = Debug|Any CPU
		{BD479A7C-3FFF-4993-AF78-4866857414A1}.Debug|Any CPU.Build.0 = Debug|Any CPU
		{BD479A7C-3FFF-4993-AF78-4866857414A1}.Debug|x64.ActiveCfg = Debug|Any CPU
		{BD479A7C-3FFF-4993-AF78-4866857414A1}.Debug|x64.Build.0 = Debug|Any CPU
		{BD479A7C-3FFF-4993-AF78-4866857414A1}.Debug|x86.ActiveCfg = Debug|Any CPU
		{BD479A7C-3FFF-4993-AF78-4866857414A1}.Debug|x86.Build.0 = Debug|Any CPU
		{BD479A7C-3FFF-4993-AF78-4866857414A1}.Release|Any CPU.ActiveCfg = Release|Any CPU
		{BD479A7C-3FFF-4993-AF78-4866857414A1}.Release|Any CPU.Build.0 = Release|Any CPU
		{BD479A7C-3FFF-4993-AF78-4866857414A1}.Release|x64.ActiveCfg = Release|Any CPU
		{BD479A7C-3FFF-4993-AF78-4866857414A1}.Release|x64.Build.0 = Release|Any CPU
		{BD479A7C-3FFF-4993-AF78-4866857414A1}.Release|x86.ActiveCfg = Release|Any CPU
		{BD479A7C-3FFF-4993-AF78-4866857414A1}.Release|x86.Build.0 = Release|Any CPU
		{4703A432-0C7F-4868-9CE4-C41A203FE969}.Debug|Any CPU.ActiveCfg = Debug|Any CPU
		{4703A432-0C7F-4868-9CE4-C41A203FE969}.Debug|Any CPU.Build.0 = Debug|Any CPU
		{4703A432-0C7F-4868-9CE4-C41A203FE969}.Debug|x64.ActiveCfg = Debug|Any CPU
		{4703A432-0C7F-4868-9CE4-C41A203FE969}.Debug|x64.Build.0 = Debug|Any CPU
		{4703A432-0C7F-4868-9CE4-C41A203FE969}.Debug|x86.ActiveCfg = Debug|Any CPU
		{4703A432-0C7F-4868-9CE4-C41A203FE969}.Debug|x86.Build.0 = Debug|Any CPU
		{4703A432-0C7F-4868-9CE4-C41A203FE969}.Release|Any CPU.ActiveCfg = Release|Any CPU
		{4703A432-0C7F-4868-9CE4-C41A203FE969}.Release|Any CPU.Build.0 = Release|Any CPU
		{4703A432-0C7F-4868-9CE4-C41A203FE969}.Release|x64.ActiveCfg = Release|Any CPU
		{4703A432-0C7F-4868-9CE4-C41A203FE969}.Release|x64.Build.0 = Release|Any CPU
		{4703A432-0C7F-4868-9CE4-C41A203FE969}.Release|x86.ActiveCfg = Release|Any CPU
		{4703A432-0C7F-4868-9CE4-C41A203FE969}.Release|x86.Build.0 = Release|Any CPU
		{A11C6D6A-3D7D-4FCF-93B0-6713541B6DEA}.Debug|Any CPU.ActiveCfg = Debug|Any CPU
		{A11C6D6A-3D7D-4FCF-93B0-6713541B6DEA}.Debug|Any CPU.Build.0 = Debug|Any CPU
		{A11C6D6A-3D7D-4FCF-93B0-6713541B6DEA}.Debug|x64.ActiveCfg = Debug|Any CPU
		{A11C6D6A-3D7D-4FCF-93B0-6713541B6DEA}.Debug|x64.Build.0 = Debug|Any CPU
		{A11C6D6A-3D7D-4FCF-93B0-6713541B6DEA}.Debug|x86.ActiveCfg = Debug|Any CPU
		{A11C6D6A-3D7D-4FCF-93B0-6713541B6DEA}.Debug|x86.Build.0 = Debug|Any CPU
		{A11C6D6A-3D7D-4FCF-93B0-6713541B6DEA}.Release|Any CPU.ActiveCfg = Release|Any CPU
		{A11C6D6A-3D7D-4FCF-93B0-6713541B6DEA}.Release|Any CPU.Build.0 = Release|Any CPU
		{A11C6D6A-3D7D-4FCF-93B0-6713541B6DEA}.Release|x64.ActiveCfg = Release|Any CPU
		{A11C6D6A-3D7D-4FCF-93B0-6713541B6DEA}.Release|x64.Build.0 = Release|Any CPU
		{A11C6D6A-3D7D-4FCF-93B0-6713541B6DEA}.Release|x86.ActiveCfg = Release|Any CPU
		{A11C6D6A-3D7D-4FCF-93B0-6713541B6DEA}.Release|x86.Build.0 = Release|Any CPU
		{DB616788-0DA3-4BC9-B4D4-D513A096B271}.Debug|Any CPU.ActiveCfg = Debug|Any CPU
		{DB616788-0DA3-4BC9-B4D4-D513A096B271}.Debug|Any CPU.Build.0 = Debug|Any CPU
		{DB616788-0DA3-4BC9-B4D4-D513A096B271}.Debug|x64.ActiveCfg = Debug|Any CPU
		{DB616788-0DA3-4BC9-B4D4-D513A096B271}.Debug|x64.Build.0 = Debug|Any CPU
		{DB616788-0DA3-4BC9-B4D4-D513A096B271}.Debug|x86.ActiveCfg = Debug|Any CPU
		{DB616788-0DA3-4BC9-B4D4-D513A096B271}.Debug|x86.Build.0 = Debug|Any CPU
		{DB616788-0DA3-4BC9-B4D4-D513A096B271}.Release|Any CPU.ActiveCfg = Release|Any CPU
		{DB616788-0DA3-4BC9-B4D4-D513A096B271}.Release|Any CPU.Build.0 = Release|Any CPU
		{DB616788-0DA3-4BC9-B4D4-D513A096B271}.Release|x64.ActiveCfg = Release|Any CPU
		{DB616788-0DA3-4BC9-B4D4-D513A096B271}.Release|x64.Build.0 = Release|Any CPU
		{DB616788-0DA3-4BC9-B4D4-D513A096B271}.Release|x86.ActiveCfg = Release|Any CPU
		{DB616788-0DA3-4BC9-B4D4-D513A096B271}.Release|x86.Build.0 = Release|Any CPU
		{A2918D9D-7FEA-4D3F-BB2D-54E72B6D9721}.Debug|Any CPU.ActiveCfg = Debug|Any CPU
		{A2918D9D-7FEA-4D3F-BB2D-54E72B6D9721}.Debug|Any CPU.Build.0 = Debug|Any CPU
		{A2918D9D-7FEA-4D3F-BB2D-54E72B6D9721}.Debug|x64.ActiveCfg = Debug|Any CPU
		{A2918D9D-7FEA-4D3F-BB2D-54E72B6D9721}.Debug|x64.Build.0 = Debug|Any CPU
		{A2918D9D-7FEA-4D3F-BB2D-54E72B6D9721}.Debug|x86.ActiveCfg = Debug|Any CPU
		{A2918D9D-7FEA-4D3F-BB2D-54E72B6D9721}.Debug|x86.Build.0 = Debug|Any CPU
		{A2918D9D-7FEA-4D3F-BB2D-54E72B6D9721}.Release|Any CPU.ActiveCfg = Release|Any CPU
		{A2918D9D-7FEA-4D3F-BB2D-54E72B6D9721}.Release|Any CPU.Build.0 = Release|Any CPU
		{A2918D9D-7FEA-4D3F-BB2D-54E72B6D9721}.Release|x64.ActiveCfg = Release|Any CPU
		{A2918D9D-7FEA-4D3F-BB2D-54E72B6D9721}.Release|x64.Build.0 = Release|Any CPU
		{A2918D9D-7FEA-4D3F-BB2D-54E72B6D9721}.Release|x86.ActiveCfg = Release|Any CPU
		{A2918D9D-7FEA-4D3F-BB2D-54E72B6D9721}.Release|x86.Build.0 = Release|Any CPU
	EndGlobalSection
	GlobalSection(SolutionProperties) = preSolution
		HideSolutionNode = FALSE
	EndGlobalSection
	GlobalSection(NestedProjects) = preSolution
		{55EFAE2F-A7CA-4917-A381-4A6EF5E79610} = {E3DCB78E-EE06-4EA3-88AC-762D8910387C}
		{00701530-9209-4B25-8526-06B6A11A97BC} = {8FFDF555-DB50-45F9-9A2D-6410F39151C3}
		{6AB743E2-9E77-4A4A-A75D-3C923A2307C4} = {8FFDF555-DB50-45F9-9A2D-6410F39151C3}
		{F77F1BB8-CFA9-422E-9674-8277FE106C6C} = {8FFDF555-DB50-45F9-9A2D-6410F39151C3}
		{475646C5-DC9F-468F-882B-4B33BB0213E1} = {8FFDF555-DB50-45F9-9A2D-6410F39151C3}
		{A84D04D2-36F6-472F-B9EF-C663FF842E2A} = {DF33E0FB-9790-4654-B60F-8AB22E0CC3D1}
		{32C7CD4C-0480-4228-9302-A7CCA8933D1D} = {8FFDF555-DB50-45F9-9A2D-6410F39151C3}
		{F2D33B47-46FC-48C0-8819-7E733A068330} = {8FFDF555-DB50-45F9-9A2D-6410F39151C3}
		{13A1B128-7082-4594-AE4C-1104713859C3} = {8FFDF555-DB50-45F9-9A2D-6410F39151C3}
		{EB4ECE84-AD36-4443-9AD6-FC41C862BA18} = {8FFDF555-DB50-45F9-9A2D-6410F39151C3}
		{6A3C0DBA-F498-43F8-B256-5CC545D7B8EF} = {8FFDF555-DB50-45F9-9A2D-6410F39151C3}
		{1EA431B1-B8BF-4743-93FF-7592C60C5640} = {8FFDF555-DB50-45F9-9A2D-6410F39151C3}
		{BD479A7C-3FFF-4993-AF78-4866857414A1} = {8FFDF555-DB50-45F9-9A2D-6410F39151C3}
		{4703A432-0C7F-4868-9CE4-C41A203FE969} = {8FFDF555-DB50-45F9-9A2D-6410F39151C3}
		{A11C6D6A-3D7D-4FCF-93B0-6713541B6DEA} = {8FFDF555-DB50-45F9-9A2D-6410F39151C3}
		{DB616788-0DA3-4BC9-B4D4-D513A096B271} = {8FFDF555-DB50-45F9-9A2D-6410F39151C3}
		{A2918D9D-7FEA-4D3F-BB2D-54E72B6D9721} = {8FFDF555-DB50-45F9-9A2D-6410F39151C3}
	EndGlobalSection
	GlobalSection(ExtensibilityGlobals) = postSolution
		SolutionGuid = {439897C2-CCBD-44FE-B2DC-A3E4670ADA59}
	EndGlobalSection
EndGlobal
